{
  "name": "clamav",
  "version": "1.0.0",
  "lockfileVersion": 1,
  "requires": true,
  "dependencies": {
    "clamscan": {
      "version": "1.3.3",
      "resolved": "https://registry.npmjs.org/clamscan/-/clamscan-1.3.3.tgz",
      "integrity": "sha512-AwaZeyECbqTWwrc5l7lLbA/cbYBTMW+VC77CnIjK3WCwTm1kGL6PHSXgDaEFsVkfrcRvPvSD1oxJpMzET9lqKg=="
    }
  }
}
